
Microsoft Visual Studio Solution File, Format Version 12.00
# Visual Studio Version 16
VisualStudioVersion = 16.0.29806.167
MinimumVisualStudioVersion = 10.0.40219.1
Project("{FAE04EC0-301F-11D3-BF4B-00C04F79EFBC}") = "sweep_server", "sweep_server\sweep_server.csproj", "{D9A9CE45-9524-4BB3-9B11-D8C491BDE6E7}"
EndProject
Project("{FAE04EC0-301F-11D3-BF4B-00C04F79EFBC}") = "AlignLogic", "align_server\AlignLogic.csproj", "{02B86448-7EA5-4E7A-B15D-A177A7050E5B}"
EndProject
Project("{FAE04EC0-301F-11D3-BF4B-00C04F79EFBC}") = "DeviceBase", "DeviceBase\DeviceBase.csproj", "{70C3C630-9DCE-44D1-998B-37AFB2C721E3}"
EndProject
Project("{FAE04EC0-301F-11D3-BF4B-00C04F79EFBC}") = "DeviceDriver", "DeviceDriver\DeviceDriver.csproj", "{AF94284A-F0E0-4D38-8F03-8AFDEEFFE439}"
EndProject
Project("{FAE04EC0-301F-11D3-BF4B-00C04F79EFBC}") = "AlignerBase", "AlignerBase\AlignerBase.csproj", "{0D71D498-070F-4BD9-AFD0-241C7A9769FC}"
EndProject
Project("{2150E333-8FDC-42A3-9474-1A3956D46DE8}") = "Solution Items", "Solution Items", "{44623BFC-98FE-4ECF-9E47-D46E84EE5D27}"
	ProjectSection(SolutionItems) = preProject
		DevNotes.txt = DevNotes.txt
	EndProjectSection
EndProject
Project("{FAE04EC0-301F-11D3-BF4B-00C04F79EFBC}") = "AlignTester", "AlignTester\AlignTester.csproj", "{D3E3FB63-97AA-4884-B17F-5B4801B60CC9}"
EndProject
Project("{FAE04EC0-301F-11D3-BF4B-00C04F79EFBC}") = "choa_server", "choa_server\choa_server.csproj", "{2C747FF6-D6F5-4DB6-B614-4FADB50D426A}"
EndProject
Project("{FAE04EC0-301F-11D3-BF4B-00C04F79EFBC}") = "Dwdm", "Dwdm\Dwdm.csproj", "{2402DA36-7643-4507-A76A-1D06AF93F7CF}"
EndProject
Project("{FAE04EC0-301F-11D3-BF4B-00C04F79EFBC}") = "DataLogic", "DataLogic\DataLogic.csproj", "{0F800DAC-E526-462F-80A6-FD3FFAAAE11F}"
EndProject
Project("{FAE04EC0-301F-11D3-BF4B-00C04F79EFBC}") = "AppLogic", "AppLogic\AppLogic.csproj", "{EE2DD64A-8B57-4820-AEB1-EE5D3FF680AF}"
EndProject
Project("{FAE04EC0-301F-11D3-BF4B-00C04F79EFBC}") = "DataControlUi", "DataControl\DataControlUi.csproj", "{9B135F78-394E-4F1D-B11C-AF705BDDAEBF}"
EndProject
Project("{FAE04EC0-301F-11D3-BF4B-00C04F79EFBC}") = "Aligner", "AlignStage\Aligner.csproj", "{87A0B56C-47F1-47CF-8C0D-3C4D74A46D6E}"
EndProject
Project("{FAE04EC0-301F-11D3-BF4B-00C04F79EFBC}") = "StageTester", "StageTester\StageTester.csproj", "{DE4F4F1E-6D2F-4A2A-B076-307C152D0FAB}"
	ProjectSection(ProjectDependencies) = postProject
		{3F50124C-E0D3-49D5-B884-957CA01EFF9E} = {3F50124C-E0D3-49D5-B884-957CA01EFF9E}
	EndProjectSection
EndProject
Project("{FAE04EC0-301F-11D3-BF4B-00C04F79EFBC}") = "AutonicsMc", "AutonicsMc\AutonicsMc.csproj", "{60AB794E-87DE-48F9-B870-A45581407799}"
EndProject
Project("{FAE04EC0-301F-11D3-BF4B-00C04F79EFBC}") = "McBase", "AlignStageBase\McBase.csproj", "{54EC0CDF-980A-486F-B61F-FF2FC01C7F22}"
EndProject
Project("{FAE04EC0-301F-11D3-BF4B-00C04F79EFBC}") = "NovaMc", "NovaMc\NovaMc.csproj", "{3F50124C-E0D3-49D5-B884-957CA01EFF9E}"
EndProject
Project("{FAE04EC0-301F-11D3-BF4B-00C04F79EFBC}") = "NovaMc-tester", "NovaMc-tester\NovaMc-tester.csproj", "{DC3DBB82-28F3-4E7F-A0EC-D4C0D14D0C58}"
EndProject
Project("{FAE04EC0-301F-11D3-BF4B-00C04F79EFBC}") = "UI", "UI\UI.csproj", "{51C2BF12-5E9C-4F81-A32D-C2879B9F1F4D}"
EndProject
Project("{FAE04EC0-301F-11D3-BF4B-00C04F79EFBC}") = "Tester", "Tester\Tester.csproj", "{D7BCCBFA-A549-4F02-91CD-299E70F4DE00}"
EndProject
Project("{FAE04EC0-301F-11D3-BF4B-00C04F79EFBC}") = "AligiLogicLib", "AligiLogicLib\AligiLogicLib.csproj", "{316AAA57-0B3F-45D2-8E71-69FEBC2693F8}"
EndProject
Global
	GlobalSection(SolutionConfigurationPlatforms) = preSolution
		Debug|Any CPU = Debug|Any CPU
		Debug|x86 = Debug|x86
		Release|Any CPU = Release|Any CPU
		Release|x86 = Release|x86
	EndGlobalSection
	GlobalSection(ProjectConfigurationPlatforms) = postSolution
		{D9A9CE45-9524-4BB3-9B11-D8C491BDE6E7}.Debug|Any CPU.ActiveCfg = Debug|Any CPU
		{D9A9CE45-9524-4BB3-9B11-D8C491BDE6E7}.Debug|Any CPU.Build.0 = Debug|Any CPU
		{D9A9CE45-9524-4BB3-9B11-D8C491BDE6E7}.Debug|x86.ActiveCfg = Debug|Any CPU
		{D9A9CE45-9524-4BB3-9B11-D8C491BDE6E7}.Debug|x86.Build.0 = Debug|Any CPU
		{D9A9CE45-9524-4BB3-9B11-D8C491BDE6E7}.Release|Any CPU.ActiveCfg = Release|Any CPU
		{D9A9CE45-9524-4BB3-9B11-D8C491BDE6E7}.Release|Any CPU.Build.0 = Release|Any CPU
		{D9A9CE45-9524-4BB3-9B11-D8C491BDE6E7}.Release|x86.ActiveCfg = Release|Any CPU
		{D9A9CE45-9524-4BB3-9B11-D8C491BDE6E7}.Release|x86.Build.0 = Release|Any CPU
		{02B86448-7EA5-4E7A-B15D-A177A7050E5B}.Debug|Any CPU.ActiveCfg = Debug|Any CPU
		{02B86448-7EA5-4E7A-B15D-A177A7050E5B}.Debug|Any CPU.Build.0 = Debug|Any CPU
		{02B86448-7EA5-4E7A-B15D-A177A7050E5B}.Debug|x86.ActiveCfg = Debug|Any CPU
		{02B86448-7EA5-4E7A-B15D-A177A7050E5B}.Debug|x86.Build.0 = Debug|Any CPU
		{02B86448-7EA5-4E7A-B15D-A177A7050E5B}.Release|Any CPU.ActiveCfg = Release|Any CPU
		{02B86448-7EA5-4E7A-B15D-A177A7050E5B}.Release|Any CPU.Build.0 = Release|Any CPU
		{02B86448-7EA5-4E7A-B15D-A177A7050E5B}.Release|x86.ActiveCfg = Release|Any CPU
		{02B86448-7EA5-4E7A-B15D-A177A7050E5B}.Release|x86.Build.0 = Release|Any CPU
		{70C3C630-9DCE-44D1-998B-37AFB2C721E3}.Debug|Any CPU.ActiveCfg = Debug|Any CPU
		{70C3C630-9DCE-44D1-998B-37AFB2C721E3}.Debug|Any CPU.Build.0 = Debug|Any CPU
		{70C3C630-9DCE-44D1-998B-37AFB2C721E3}.Debug|x86.ActiveCfg = Debug|Any CPU
		{70C3C630-9DCE-44D1-998B-37AFB2C721E3}.Debug|x86.Build.0 = Debug|Any CPU
		{70C3C630-9DCE-44D1-998B-37AFB2C721E3}.Release|Any CPU.ActiveCfg = Release|Any CPU
		{70C3C630-9DCE-44D1-998B-37AFB2C721E3}.Release|Any CPU.Build.0 = Release|Any CPU
		{70C3C630-9DCE-44D1-998B-37AFB2C721E3}.Release|x86.ActiveCfg = Release|Any CPU
		{70C3C630-9DCE-44D1-998B-37AFB2C721E3}.Release|x86.Build.0 = Release|Any CPU
		{AF94284A-F0E0-4D38-8F03-8AFDEEFFE439}.Debug|Any CPU.ActiveCfg = Debug|Any CPU
		{AF94284A-F0E0-4D38-8F03-8AFDEEFFE439}.Debug|Any CPU.Build.0 = Debug|Any CPU
		{AF94284A-F0E0-4D38-8F03-8AFDEEFFE439}.Debug|x86.ActiveCfg = Debug|Any CPU
		{AF94284A-F0E0-4D38-8F03-8AFDEEFFE439}.Debug|x86.Build.0 = Debug|Any CPU
		{AF94284A-F0E0-4D38-8F03-8AFDEEFFE439}.Release|Any CPU.ActiveCfg = Release|Any CPU
		{AF94284A-F0E0-4D38-8F03-8AFDEEFFE439}.Release|Any CPU.Build.0 = Release|Any CPU
		{AF94284A-F0E0-4D38-8F03-8AFDEEFFE439}.Release|x86.ActiveCfg = Release|Any CPU
		{AF94284A-F0E0-4D38-8F03-8AFDEEFFE439}.Release|x86.Build.0 = Release|Any CPU
		{0D71D498-070F-4BD9-AFD0-241C7A9769FC}.Debug|Any CPU.ActiveCfg = Debug|Any CPU
		{0D71D498-070F-4BD9-AFD0-241C7A9769FC}.Debug|Any CPU.Build.0 = Debug|Any CPU
		{0D71D498-070F-4BD9-AFD0-241C7A9769FC}.Debug|x86.ActiveCfg = Debug|Any CPU
		{0D71D498-070F-4BD9-AFD0-241C7A9769FC}.Debug|x86.Build.0 = Debug|Any CPU
		{0D71D498-070F-4BD9-AFD0-241C7A9769FC}.Release|Any CPU.ActiveCfg = Release|Any CPU
		{0D71D498-070F-4BD9-AFD0-241C7A9769FC}.Release|Any CPU.Build.0 = Release|Any CPU
		{0D71D498-070F-4BD9-AFD0-241C7A9769FC}.Release|x86.ActiveCfg = Release|Any CPU
		{0D71D498-070F-4BD9-AFD0-241C7A9769FC}.Release|x86.Build.0 = Release|Any CPU
		{D3E3FB63-97AA-4884-B17F-5B4801B60CC9}.Debug|Any CPU.ActiveCfg = Debug|Any CPU
		{D3E3FB63-97AA-4884-B17F-5B4801B60CC9}.Debug|Any CPU.Build.0 = Debug|Any CPU
		{D3E3FB63-97AA-4884-B17F-5B4801B60CC9}.Debug|x86.ActiveCfg = Debug|Any CPU
		{D3E3FB63-97AA-4884-B17F-5B4801B60CC9}.Debug|x86.Build.0 = Debug|Any CPU
		{D3E3FB63-97AA-4884-B17F-5B4801B60CC9}.Release|Any CPU.ActiveCfg = Release|Any CPU
		{D3E3FB63-97AA-4884-B17F-5B4801B60CC9}.Release|Any CPU.Build.0 = Release|Any CPU
		{D3E3FB63-97AA-4884-B17F-5B4801B60CC9}.Release|x86.ActiveCfg = Release|Any CPU
		{D3E3FB63-97AA-4884-B17F-5B4801B60CC9}.Release|x86.Build.0 = Release|Any CPU
		{2C747FF6-D6F5-4DB6-B614-4FADB50D426A}.Debug|Any CPU.ActiveCfg = Debug|Any CPU
		{2C747FF6-D6F5-4DB6-B614-4FADB50D426A}.Debug|Any CPU.Build.0 = Debug|Any CPU
		{2C747FF6-D6F5-4DB6-B614-4FADB50D426A}.Debug|x86.ActiveCfg = Debug|x86
		{2C747FF6-D6F5-4DB6-B614-4FADB50D426A}.Debug|x86.Build.0 = Debug|x86
		{2C747FF6-D6F5-4DB6-B614-4FADB50D426A}.Release|Any CPU.ActiveCfg = Release|Any CPU
		{2C747FF6-D6F5-4DB6-B614-4FADB50D426A}.Release|Any CPU.Build.0 = Release|Any CPU
		{2C747FF6-D6F5-4DB6-B614-4FADB50D426A}.Release|x86.ActiveCfg = Release|x86
		{2C747FF6-D6F5-4DB6-B614-4FADB50D426A}.Release|x86.Build.0 = Release|x86
		{2402DA36-7643-4507-A76A-1D06AF93F7CF}.Debug|Any CPU.ActiveCfg = Debug|Any CPU
		{2402DA36-7643-4507-A76A-1D06AF93F7CF}.Debug|Any CPU.Build.0 = Debug|Any CPU
		{2402DA36-7643-4507-A76A-1D06AF93F7CF}.Debug|x86.ActiveCfg = Debug|Any CPU
		{2402DA36-7643-4507-A76A-1D06AF93F7CF}.Debug|x86.Build.0 = Debug|Any CPU
		{2402DA36-7643-4507-A76A-1D06AF93F7CF}.Release|Any CPU.ActiveCfg = Release|Any CPU
		{2402DA36-7643-4507-A76A-1D06AF93F7CF}.Release|Any CPU.Build.0 = Release|Any CPU
		{2402DA36-7643-4507-A76A-1D06AF93F7CF}.Release|x86.ActiveCfg = Release|Any CPU
		{2402DA36-7643-4507-A76A-1D06AF93F7CF}.Release|x86.Build.0 = Release|Any CPU
		{0F800DAC-E526-462F-80A6-FD3FFAAAE11F}.Debug|Any CPU.ActiveCfg = Debug|Any CPU
		{0F800DAC-E526-462F-80A6-FD3FFAAAE11F}.Debug|Any CPU.Build.0 = Debug|Any CPU
		{0F800DAC-E526-462F-80A6-FD3FFAAAE11F}.Debug|x86.ActiveCfg = Debug|Any CPU
		{0F800DAC-E526-462F-80A6-FD3FFAAAE11F}.Debug|x86.Build.0 = Debug|Any CPU
		{0F800DAC-E526-462F-80A6-FD3FFAAAE11F}.Release|Any CPU.ActiveCfg = Release|Any CPU
		{0F800DAC-E526-462F-80A6-FD3FFAAAE11F}.Release|Any CPU.Build.0 = Release|Any CPU
		{0F800DAC-E526-462F-80A6-FD3FFAAAE11F}.Release|x86.ActiveCfg = Release|Any CPU
		{0F800DAC-E526-462F-80A6-FD3FFAAAE11F}.Release|x86.Build.0 = Release|Any CPU
		{EE2DD64A-8B57-4820-AEB1-EE5D3FF680AF}.Debug|Any CPU.ActiveCfg = Debug|Any CPU
		{EE2DD64A-8B57-4820-AEB1-EE5D3FF680AF}.Debug|Any CPU.Build.0 = Debug|Any CPU
		{EE2DD64A-8B57-4820-AEB1-EE5D3FF680AF}.Debug|x86.ActiveCfg = Debug|Any CPU
		{EE2DD64A-8B57-4820-AEB1-EE5D3FF680AF}.Debug|x86.Build.0 = Debug|Any CPU
		{EE2DD64A-8B57-4820-AEB1-EE5D3FF680AF}.Release|Any CPU.ActiveCfg = Release|Any CPU
		{EE2DD64A-8B57-4820-AEB1-EE5D3FF680AF}.Release|Any CPU.Build.0 = Release|Any CPU
		{EE2DD64A-8B57-4820-AEB1-EE5D3FF680AF}.Release|x86.ActiveCfg = Release|Any CPU
		{EE2DD64A-8B57-4820-AEB1-EE5D3FF680AF}.Release|x86.Build.0 = Release|Any CPU
		{9B135F78-394E-4F1D-B11C-AF705BDDAEBF}.Debug|Any CPU.ActiveCfg = Debug|Any CPU
		{9B135F78-394E-4F1D-B11C-AF705BDDAEBF}.Debug|Any CPU.Build.0 = Debug|Any CPU
		{9B135F78-394E-4F1D-B11C-AF705BDDAEBF}.Debug|x86.ActiveCfg = Debug|Any CPU
		{9B135F78-394E-4F1D-B11C-AF705BDDAEBF}.Debug|x86.Build.0 = Debug|Any CPU
		{9B135F78-394E-4F1D-B11C-AF705BDDAEBF}.Release|Any CPU.ActiveCfg = Release|Any CPU
		{9B135F78-394E-4F1D-B11C-AF705BDDAEBF}.Release|Any CPU.Build.0 = Release|Any CPU
		{9B135F78-394E-4F1D-B11C-AF705BDDAEBF}.Release|x86.ActiveCfg = Release|Any CPU
		{9B135F78-394E-4F1D-B11C-AF705BDDAEBF}.Release|x86.Build.0 = Release|Any CPU
		{87A0B56C-47F1-47CF-8C0D-3C4D74A46D6E}.Debug|Any CPU.ActiveCfg = Debug|Any CPU
		{87A0B56C-47F1-47CF-8C0D-3C4D74A46D6E}.Debug|Any CPU.Build.0 = Debug|Any CPU
		{87A0B56C-47F1-47CF-8C0D-3C4D74A46D6E}.Debug|x86.ActiveCfg = Debug|Any CPU
		{87A0B56C-47F1-47CF-8C0D-3C4D74A46D6E}.Debug|x86.Build.0 = Debug|Any CPU
		{87A0B56C-47F1-47CF-8C0D-3C4D74A46D6E}.Release|Any CPU.ActiveCfg = Release|Any CPU
		{87A0B56C-47F1-47CF-8C0D-3C4D74A46D6E}.Release|Any CPU.Build.0 = Release|Any CPU
		{87A0B56C-47F1-47CF-8C0D-3C4D74A46D6E}.Release|x86.ActiveCfg = Release|Any CPU
		{87A0B56C-47F1-47CF-8C0D-3C4D74A46D6E}.Release|x86.Build.0 = Release|Any CPU
		{DE4F4F1E-6D2F-4A2A-B076-307C152D0FAB}.Debug|Any CPU.ActiveCfg = Debug|Any CPU
		{DE4F4F1E-6D2F-4A2A-B076-307C152D0FAB}.Debug|Any CPU.Build.0 = Debug|Any CPU
		{DE4F4F1E-6D2F-4A2A-B076-307C152D0FAB}.Debug|x86.ActiveCfg = Debug|Any CPU
		{DE4F4F1E-6D2F-4A2A-B076-307C152D0FAB}.Debug|x86.Build.0 = Debug|Any CPU
		{DE4F4F1E-6D2F-4A2A-B076-307C152D0FAB}.Release|Any CPU.ActiveCfg = Release|Any CPU
		{DE4F4F1E-6D2F-4A2A-B076-307C152D0FAB}.Release|Any CPU.Build.0 = Release|Any CPU
		{DE4F4F1E-6D2F-4A2A-B076-307C152D0FAB}.Release|x86.ActiveCfg = Release|Any CPU
		{DE4F4F1E-6D2F-4A2A-B076-307C152D0FAB}.Release|x86.Build.0 = Release|Any CPU
		{60AB794E-87DE-48F9-B870-A45581407799}.Debug|Any CPU.ActiveCfg = Debug|Any CPU
		{60AB794E-87DE-48F9-B870-A45581407799}.Debug|Any CPU.Build.0 = Debug|Any CPU
		{60AB794E-87DE-48F9-B870-A45581407799}.Debug|x86.ActiveCfg = Debug|Any CPU
		{60AB794E-87DE-48F9-B870-A45581407799}.Debug|x86.Build.0 = Debug|Any CPU
		{60AB794E-87DE-48F9-B870-A45581407799}.Release|Any CPU.ActiveCfg = Release|Any CPU
		{60AB794E-87DE-48F9-B870-A45581407799}.Release|Any CPU.Build.0 = Release|Any CPU
		{60AB794E-87DE-48F9-B870-A45581407799}.Release|x86.ActiveCfg = Release|Any CPU
		{60AB794E-87DE-48F9-B870-A45581407799}.Release|x86.Build.0 = Release|Any CPU
		{54EC0CDF-980A-486F-B61F-FF2FC01C7F22}.Debug|Any CPU.ActiveCfg = Debug|Any CPU
		{54EC0CDF-980A-486F-B61F-FF2FC01C7F22}.Debug|Any CPU.Build.0 = Debug|Any CPU
		{54EC0CDF-980A-486F-B61F-FF2FC01C7F22}.Debug|x86.ActiveCfg = Debug|Any CPU
		{54EC0CDF-980A-486F-B61F-FF2FC01C7F22}.Debug|x86.Build.0 = Debug|Any CPU
		{54EC0CDF-980A-486F-B61F-FF2FC01C7F22}.Release|Any CPU.ActiveCfg = Release|Any CPU
		{54EC0CDF-980A-486F-B61F-FF2FC01C7F22}.Release|Any CPU.Build.0 = Release|Any CPU
		{54EC0CDF-980A-486F-B61F-FF2FC01C7F22}.Release|x86.ActiveCfg = Release|Any CPU
		{54EC0CDF-980A-486F-B61F-FF2FC01C7F22}.Release|x86.Build.0 = Release|Any CPU
		{3F50124C-E0D3-49D5-B884-957CA01EFF9E}.Debug|Any CPU.ActiveCfg = Debug|Any CPU
		{3F50124C-E0D3-49D5-B884-957CA01EFF9E}.Debug|Any CPU.Build.0 = Debug|Any CPU
		{3F50124C-E0D3-49D5-B884-957CA01EFF9E}.Debug|x86.ActiveCfg = Debug|Any CPU
		{3F50124C-E0D3-49D5-B884-957CA01EFF9E}.Debug|x86.Build.0 = Debug|Any CPU
		{3F50124C-E0D3-49D5-B884-957CA01EFF9E}.Release|Any CPU.ActiveCfg = Release|Any CPU
		{3F50124C-E0D3-49D5-B884-957CA01EFF9E}.Release|Any CPU.Build.0 = Release|Any CPU
		{3F50124C-E0D3-49D5-B884-957CA01EFF9E}.Release|x86.ActiveCfg = Release|Any CPU
		{3F50124C-E0D3-49D5-B884-957CA01EFF9E}.Release|x86.Build.0 = Release|Any CPU
		{DC3DBB82-28F3-4E7F-A0EC-D4C0D14D0C58}.Debug|Any CPU.ActiveCfg = Debug|Any CPU
		{DC3DBB82-28F3-4E7F-A0EC-D4C0D14D0C58}.Debug|Any CPU.Build.0 = Debug|Any CPU
		{DC3DBB82-28F3-4E7F-A0EC-D4C0D14D0C58}.Debug|x86.ActiveCfg = Debug|Any CPU
		{DC3DBB82-28F3-4E7F-A0EC-D4C0D14D0C58}.Debug|x86.Build.0 = Debug|Any CPU
		{DC3DBB82-28F3-4E7F-A0EC-D4C0D14D0C58}.Release|Any CPU.ActiveCfg = Release|Any CPU
		{DC3DBB82-28F3-4E7F-A0EC-D4C0D14D0C58}.Release|Any CPU.Build.0 = Release|Any CPU
		{DC3DBB82-28F3-4E7F-A0EC-D4C0D14D0C58}.Release|x86.ActiveCfg = Release|Any CPU
		{DC3DBB82-28F3-4E7F-A0EC-D4C0D14D0C58}.Release|x86.Build.0 = Release|Any CPU
		{51C2BF12-5E9C-4F81-A32D-C2879B9F1F4D}.Debug|Any CPU.ActiveCfg = Debug|Any CPU
		{51C2BF12-5E9C-4F81-A32D-C2879B9F1F4D}.Debug|Any CPU.Build.0 = Debug|Any CPU
		{51C2BF12-5E9C-4F81-A32D-C2879B9F1F4D}.Debug|x86.ActiveCfg = Debug|Any CPU
		{51C2BF12-5E9C-4F81-A32D-C2879B9F1F4D}.Debug|x86.Build.0 = Debug|Any CPU
		{51C2BF12-5E9C-4F81-A32D-C2879B9F1F4D}.Release|Any CPU.ActiveCfg = Release|Any CPU
		{51C2BF12-5E9C-4F81-A32D-C2879B9F1F4D}.Release|Any CPU.Build.0 = Release|Any CPU
		{51C2BF12-5E9C-4F81-A32D-C2879B9F1F4D}.Release|x86.ActiveCfg = Release|Any CPU
		{51C2BF12-5E9C-4F81-A32D-C2879B9F1F4D}.Release|x86.Build.0 = Release|Any CPU
		{D7BCCBFA-A549-4F02-91CD-299E70F4DE00}.Debug|Any CPU.ActiveCfg = Debug|Any CPU
		{D7BCCBFA-A549-4F02-91CD-299E70F4DE00}.Debug|Any CPU.Build.0 = Debug|Any CPU
		{D7BCCBFA-A549-4F02-91CD-299E70F4DE00}.Debug|x86.ActiveCfg = Debug|Any CPU
		{D7BCCBFA-A549-4F02-91CD-299E70F4DE00}.Debug|x86.Build.0 = Debug|Any CPU
		{D7BCCBFA-A549-4F02-91CD-299E70F4DE00}.Release|Any CPU.ActiveCfg = Release|Any CPU
		{D7BCCBFA-A549-4F02-91CD-299E70F4DE00}.Release|Any CPU.Build.0 = Release|Any CPU
		{D7BCCBFA-A549-4F02-91CD-299E70F4DE00}.Release|x86.ActiveCfg = Release|Any CPU
		{D7BCCBFA-A549-4F02-91CD-299E70F4DE00}.Release|x86.Build.0 = Release|Any CPU
		{316AAA57-0B3F-45D2-8E71-69FEBC2693F8}.Debug|Any CPU.ActiveCfg = Debug|Any CPU
		{316AAA57-0B3F-45D2-8E71-69FEBC2693F8}.Debug|Any CPU.Build.0 = Debug|Any CPU
		{316AAA57-0B3F-45D2-8E71-69FEBC2693F8}.Debug|x86.ActiveCfg = Debug|Any CPU
		{316AAA57-0B3F-45D2-8E71-69FEBC2693F8}.Debug|x86.Build.0 = Debug|Any CPU
		{316AAA57-0B3F-45D2-8E71-69FEBC2693F8}.Release|Any CPU.ActiveCfg = Release|Any CPU
		{316AAA57-0B3F-45D2-8E71-69FEBC2693F8}.Release|Any CPU.Build.0 = Release|Any CPU
		{316AAA57-0B3F-45D2-8E71-69FEBC2693F8}.Release|x86.ActiveCfg = Release|Any CPU
		{316AAA57-0B3F-45D2-8E71-69FEBC2693F8}.Release|x86.Build.0 = Release|Any CPU
	EndGlobalSection
	GlobalSection(SolutionProperties) = preSolution
		HideSolutionNode = FALSE
	EndGlobalSection
	GlobalSection(ExtensibilityGlobals) = postSolution
		SolutionGuid = {CBB87328-567F-4923-B8D5-8C8ACE8F3877}
	EndGlobalSection
	GlobalSection(SubversionScc) = preSolution
		Svn-Managed = True
		Manager = AnkhSVN - Subversion Support for Visual Studio
	EndGlobalSection
EndGlobal
