
Microsoft Visual Studio Solution File, Format Version 12.00
# Visual Studio 14
VisualStudioVersion = 14.0.25420.1
MinimumVisualStudioVersion = 10.0.40219.1
Project("{FAE04EC0-301F-11D3-BF4B-00C04F79EFBC}") = "serverapp-tester", "serverapp-tester.csproj", "{DC3DBB82-28F3-4E7F-A0EC-D4C0D14D0C58}"
	ProjectSection(ProjectDependencies) = postProject
		{3F50124C-E0D3-49D5-B884-957CA01EFF9E} = {3F50124C-E0D3-49D5-B884-957CA01EFF9E}
	EndProjectSection
EndProject
Project("{FAE04EC0-301F-11D3-BF4B-00C04F79EFBC}") = "NovaMc", "..\..\_Git\serverapp\NovaMc\NovaMc.csproj", "{3F50124C-E0D3-49D5-B884-957CA01EFF9E}"
EndProject
Global
	GlobalSection(SolutionConfigurationPlatforms) = preSolution
		Debug|Any CPU = Debug|Any CPU
		Release|Any CPU = Release|Any CPU
	EndGlobalSection
	GlobalSection(ProjectConfigurationPlatforms) = postSolution
		{DC3DBB82-28F3-4E7F-A0EC-D4C0D14D0C58}.Debug|Any CPU.ActiveCfg = Debug|Any CPU
		{DC3DBB82-28F3-4E7F-A0EC-D4C0D14D0C58}.Debug|Any CPU.Build.0 = Debug|Any CPU
		{DC3DBB82-28F3-4E7F-A0EC-D4C0D14D0C58}.Release|Any CPU.ActiveCfg = Release|Any CPU
		{DC3DBB82-28F3-4E7F-A0EC-D4C0D14D0C58}.Release|Any CPU.Build.0 = Release|Any CPU
		{3F50124C-E0D3-49D5-B884-957CA01EFF9E}.Debug|Any CPU.ActiveCfg = Debug|Any CPU
		{3F50124C-E0D3-49D5-B884-957CA01EFF9E}.Debug|Any CPU.Build.0 = Debug|Any CPU
		{3F50124C-E0D3-49D5-B884-957CA01EFF9E}.Release|Any CPU.ActiveCfg = Release|Any CPU
		{3F50124C-E0D3-49D5-B884-957CA01EFF9E}.Release|Any CPU.Build.0 = Release|Any CPU
	EndGlobalSection
	GlobalSection(SolutionProperties) = preSolution
		HideSolutionNode = FALSE
	EndGlobalSection
EndGlobal
